Microsoft Visual Studio Solution File, Format Version 12.00
# Visual Studio 16
Project("{8BC9CEB8-8B4A-11D0-8D11-00A0C91BC942}") = "ALL_BUILD", "ALL_BUILD.vcxproj", "{E51F8C57-823A-30F2-A62E-761E36CB60F0}"
	ProjectSection(ProjectDependencies) = postProject
		{67562BF9-CA8F-3008-ADBA-6A2E351B91F3} = {67562BF9-CA8F-3008-ADBA-6A2E351B91F3}
		{1A3EFE1E-65C9-3F34-B871-9D768B6BEABF} = {1A3EFE1E-65C9-3F34-B871-9D768B6BEABF}
	EndProjectSection
EndProject
Project("{8BC9CEB8-8B4A-11D0-8D11-00A0C91BC942}") = "INSTALL", "INSTALL.vcxproj", "{3D650845-1BAB-3E17-8CA8-AFD3AB9A8DB9}"
	ProjectSection(ProjectDependencies) = postProject
		{E51F8C57-823A-30F2-A62E-761E36CB60F0} = {E51F8C57-823A-30F2-A62E-761E36CB60F0}
		{67562BF9-CA8F-3008-ADBA-6A2E351B91F3} = {67562BF9-CA8F-3008-ADBA-6A2E351B91F3}
	EndProjectSection
EndProject
Project("{8BC9CEB8-8B4A-11D0-8D11-00A0C91BC942}") = "ZERO_CHECK", "ZERO_CHECK.vcxproj", "{67562BF9-CA8F-3008-ADBA-6A2E351B91F3}"
	ProjectSection(ProjectDependencies) = postProject
	EndProjectSection
EndProject
Project("{8BC9CEB8-8B4A-11D0-8D11-00A0C91BC942}") = "nataf_gsa", "nataf_gsa.vcxproj", "{1A3EFE1E-65C9-3F34-B871-9D768B6BEABF}"
	ProjectSection(ProjectDependencies) = postProject
		{67562BF9-CA8F-3008-ADBA-6A2E351B91F3} = {67562BF9-CA8F-3008-ADBA-6A2E351B91F3}
	EndProjectSection
EndProject
Global
	GlobalSection(SolutionConfigurationPlatforms) = preSolution
		Debug|x64 = Debug|x64
		Release|x64 = Release|x64
		MinSizeRel|x64 = MinSizeRel|x64
		RelWithDebInfo|x64 = RelWithDebInfo|x64
	EndGlobalSection
	GlobalSection(ProjectConfigurationPlatforms) = postSolution
		{E51F8C57-823A-30F2-A62E-761E36CB60F0}.Debug|x64.ActiveCfg = Debug|x64
		{E51F8C57-823A-30F2-A62E-761E36CB60F0}.Debug|x64.Build.0 = Debug|x64
		{E51F8C57-823A-30F2-A62E-761E36CB60F0}.Release|x64.ActiveCfg = Release|x64
		{E51F8C57-823A-30F2-A62E-761E36CB60F0}.Release|x64.Build.0 = Release|x64
		{E51F8C57-823A-30F2-A62E-761E36CB60F0}.MinSizeRel|x64.ActiveCfg = MinSizeRel|x64
		{E51F8C57-823A-30F2-A62E-761E36CB60F0}.MinSizeRel|x64.Build.0 = MinSizeRel|x64
		{E51F8C57-823A-30F2-A62E-761E36CB60F0}.RelWithDebInfo|x64.ActiveCfg = RelWithDebInfo|x64
		{E51F8C57-823A-30F2-A62E-761E36CB60F0}.RelWithDebInfo|x64.Build.0 = RelWithDebInfo|x64
		{3D650845-1BAB-3E17-8CA8-AFD3AB9A8DB9}.Debug|x64.ActiveCfg = Debug|x64
		{3D650845-1BAB-3E17-8CA8-AFD3AB9A8DB9}.Release|x64.ActiveCfg = Release|x64
		{3D650845-1BAB-3E17-8CA8-AFD3AB9A8DB9}.MinSizeRel|x64.ActiveCfg = MinSizeRel|x64
		{3D650845-1BAB-3E17-8CA8-AFD3AB9A8DB9}.RelWithDebInfo|x64.ActiveCfg = RelWithDebInfo|x64
		{67562BF9-CA8F-3008-ADBA-6A2E351B91F3}.Debug|x64.ActiveCfg = Debug|x64
		{67562BF9-CA8F-3008-ADBA-6A2E351B91F3}.Debug|x64.Build.0 = Debug|x64
		{67562BF9-CA8F-3008-ADBA-6A2E351B91F3}.Release|x64.ActiveCfg = Release|x64
		{67562BF9-CA8F-3008-ADBA-6A2E351B91F3}.Release|x64.Build.0 = Release|x64
		{67562BF9-CA8F-3008-ADBA-6A2E351B91F3}.MinSizeRel|x64.ActiveCfg = MinSizeRel|x64
		{67562BF9-CA8F-3008-ADBA-6A2E351B91F3}.MinSizeRel|x64.Build.0 = MinSizeRel|x64
		{67562BF9-CA8F-3008-ADBA-6A2E351B91F3}.RelWithDebInfo|x64.ActiveCfg = RelWithDebInfo|x64
		{67562BF9-CA8F-3008-ADBA-6A2E351B91F3}.RelWithDebInfo|x64.Build.0 = RelWithDebInfo|x64
		{1A3EFE1E-65C9-3F34-B871-9D768B6BEABF}.Debug|x64.ActiveCfg = Debug|x64
		{1A3EFE1E-65C9-3F34-B871-9D768B6BEABF}.Debug|x64.Build.0 = Debug|x64
		{1A3EFE1E-65C9-3F34-B871-9D768B6BEABF}.Release|x64.ActiveCfg = Release|x64
		{1A3EFE1E-65C9-3F34-B871-9D768B6BEABF}.Release|x64.Build.0 = Release|x64
		{1A3EFE1E-65C9-3F34-B871-9D768B6BEABF}.MinSizeRel|x64.ActiveCfg = MinSizeRel|x64
		{1A3EFE1E-65C9-3F34-B871-9D768B6BEABF}.MinSizeRel|x64.Build.0 = MinSizeRel|x64
		{1A3EFE1E-65C9-3F34-B871-9D768B6BEABF}.RelWithDebInfo|x64.ActiveCfg = RelWithDebInfo|x64
		{1A3EFE1E-65C9-3F34-B871-9D768B6BEABF}.RelWithDebInfo|x64.Build.0 = RelWithDebInfo|x64
	EndGlobalSection
	GlobalSection(ExtensibilityGlobals) = postSolution
		SolutionGuid = {C1B29837-B85F-3825-BDBC-7242F6A717C2}
	EndGlobalSection
	GlobalSection(ExtensibilityAddIns) = postSolution
	EndGlobalSection
EndGlobal
